
Microsoft Visual Studio Solution File, Format Version 12.00
# Visual Studio 15
VisualStudioVersion = 15.0.28010.2003
MinimumVisualStudioVersion = 10.0.40219.1
Project("{FAE04EC0-301F-11D3-BF4B-00C04F79EFBC}") = "BehavioralPatternsChainOfResponsibility", "BehavioralPatternsChainOfResponsibility\BehavioralPatternsChainOfResponsibility.csproj", "{E1ECBB8A-F2A8-4AD2-903D-4D3B90E47BEF}"
EndProject
Global
	GlobalSection(SolutionConfigurationPlatforms) = preSolution
		Debug|Any CPU = Debug|Any CPU
		Release|Any CPU = Release|Any CPU
	EndGlobalSection
	GlobalSection(ProjectConfigurationPlatforms) = postSolution
		{E1ECBB8A-F2A8-4AD2-903D-4D3B90E47BEF}.Debug|Any CPU.ActiveCfg = Debug|Any CPU
		{E1ECBB8A-F2A8-4AD2-903D-4D3B90E47BEF}.Debug|Any CPU.Build.0 = Debug|Any CPU
		{E1ECBB8A-F2A8-4AD2-903D-4D3B90E47BEF}.Release|Any CPU.ActiveCfg = Release|Any CPU
		{E1ECBB8A-F2A8-4AD2-903D-4D3B90E47BEF}.Release|Any CPU.Build.0 = Release|Any CPU
	EndGlobalSection
	GlobalSection(SolutionProperties) = preSolution
		HideSolutionNode = FALSE
	EndGlobalSection
	GlobalSection(ExtensibilityGlobals) = postSolution
		SolutionGuid = {B3E448C2-C1FE-4E92-8773-D1F0136E646A}
	EndGlobalSection
EndGlobal
